
Microsoft Visual Studio Solution File, Format Version 12.00
# Visual Studio 15
VisualStudioVersion = 15.0.27130.2027
MinimumVisualStudioVersion = 10.0.40219.1
Project("{2150E333-8FDC-42A3-9474-1A3956D46DE8}") = "DataAccess", "DataAccess", "{92A3424C-4A71-48B6-86B9-667785AE8F3C}"
EndProject
Project("{2150E333-8FDC-42A3-9474-1A3956D46DE8}") = "Business", "Business", "{8EB35064-D5FD-417D-A2D6-B32EB837C1AF}"
EndProject
Project("{9A19103F-16F7-4668-BE54-9A1E7A4F7556}") = "GBBCoffeeShop.DataAccess.EntityFramework", "GBBCoffeeShop.DataAccess.EntityFramework\GBBCoffeeShop.DataAccess.EntityFramework.csproj", "{52075C0C-EC6B-4A76-9632-1C2437A48C67}"
EndProject
Project("{9A19103F-16F7-4668-BE54-9A1E7A4F7556}") = "GBBCoffeeShop.Business.Entities", "GBBCoffeeShop.Business.Entities\GBBCoffeeShop.Business.Entities.csproj", "{71C7002C-F9BD-475A-9CA9-58E2669E4BFC}"
EndProject
Project("{FAE04EC0-301F-11D3-BF4B-00C04F79EFBC}") = "GBBCoffeeShop.Business.Service.Host", "GBBCoffeeShop.Business.Service.Host\GBBCoffeeShop.Business.Service.Host.csproj", "{781C7879-94E4-46F7-AF6C-259A257B0A45}"
EndProject
Project("{FAE04EC0-301F-11D3-BF4B-00C04F79EFBC}") = "GBBCoffeeShop.Business.Service", "GBBCoffeeShop.Business.Service\GBBCoffeeShop.Business.Service.csproj", "{B04D3158-E27F-480E-AFF6-843CBFBD4F31}"
EndProject
Project("{FAE04EC0-301F-11D3-BF4B-00C04F79EFBC}") = "GBBCoffeeShop.Business.Interfaces", "GBBCoffeeShop.Business.Interfaces\GBBCoffeeShop.Business.Interfaces.csproj", "{7BB53D8D-3F17-4F1E-AB4C-30C018625CBC}"
EndProject
Project("{2150E333-8FDC-42A3-9474-1A3956D46DE8}") = "Common", "Common", "{CEE5DA35-BBF6-4C41-84BF-ACEF0BB63E7F}"
EndProject
Project("{FAE04EC0-301F-11D3-BF4B-00C04F79EFBC}") = "GBBCoffeeShop.Common", "GBBCoffeeShop.Common\GBBCoffeeShop.Common.csproj", "{A8FFB7EC-BC99-4A7B-B62E-90D838AF46F7}"
EndProject
Project("{2150E333-8FDC-42A3-9474-1A3956D46DE8}") = "WebAPI", "WebAPI", "{D2052FC0-0DA1-40AC-A273-3BDA9AA1C508}"
EndProject
Project("{FAE04EC0-301F-11D3-BF4B-00C04F79EFBC}") = "GBBCoffeeShop.WebApi", "GBBCoffeeShop.WebApi\GBBCoffeeShop.WebApi.csproj", "{44C74E0D-0D34-4F65-AED1-CE2EDBBADCD0}"
EndProject
Project("{FAE04EC0-301F-11D3-BF4B-00C04F79EFBC}") = "GBBCoffeeShop.WebApi.Tests", "GBBCoffeeShop.WebApi.Tests\GBBCoffeeShop.WebApi.Tests.csproj", "{1B4C220F-F162-4E20-BC7D-0433F8723FB8}"
EndProject
Project("{FAE04EC0-301F-11D3-BF4B-00C04F79EFBC}") = "GBBCoffeeShop.WebApi.Services", "GBBCoffeeShop.WebApi.Services\GBBCoffeeShop.WebApi.Services.csproj", "{728DAAC0-79F0-408C-9E66-1FBF9E91BAA5}"
EndProject
Global
	GlobalSection(SolutionConfigurationPlatforms) = preSolution
		Debug|Any CPU = Debug|Any CPU
		Release|Any CPU = Release|Any CPU
	EndGlobalSection
	GlobalSection(ProjectConfigurationPlatforms) = postSolution
		{52075C0C-EC6B-4A76-9632-1C2437A48C67}.Debug|Any CPU.ActiveCfg = Debug|Any CPU
		{52075C0C-EC6B-4A76-9632-1C2437A48C67}.Debug|Any CPU.Build.0 = Debug|Any CPU
		{52075C0C-EC6B-4A76-9632-1C2437A48C67}.Release|Any CPU.ActiveCfg = Release|Any CPU
		{52075C0C-EC6B-4A76-9632-1C2437A48C67}.Release|Any CPU.Build.0 = Release|Any CPU
		{71C7002C-F9BD-475A-9CA9-58E2669E4BFC}.Debug|Any CPU.ActiveCfg = Debug|Any CPU
		{71C7002C-F9BD-475A-9CA9-58E2669E4BFC}.Debug|Any CPU.Build.0 = Debug|Any CPU
		{71C7002C-F9BD-475A-9CA9-58E2669E4BFC}.Release|Any CPU.ActiveCfg = Release|Any CPU
		{71C7002C-F9BD-475A-9CA9-58E2669E4BFC}.Release|Any CPU.Build.0 = Release|Any CPU
		{781C7879-94E4-46F7-AF6C-259A257B0A45}.Debug|Any CPU.ActiveCfg = Debug|Any CPU
		{781C7879-94E4-46F7-AF6C-259A257B0A45}.Debug|Any CPU.Build.0 = Debug|Any CPU
		{781C7879-94E4-46F7-AF6C-259A257B0A45}.Release|Any CPU.ActiveCfg = Release|Any CPU
		{781C7879-94E4-46F7-AF6C-259A257B0A45}.Release|Any CPU.Build.0 = Release|Any CPU
		{B04D3158-E27F-480E-AFF6-843CBFBD4F31}.Debug|Any CPU.ActiveCfg = Debug|Any CPU
		{B04D3158-E27F-480E-AFF6-843CBFBD4F31}.Debug|Any CPU.Build.0 = Debug|Any CPU
		{B04D3158-E27F-480E-AFF6-843CBFBD4F31}.Release|Any CPU.ActiveCfg = Release|Any CPU
		{B04D3158-E27F-480E-AFF6-843CBFBD4F31}.Release|Any CPU.Build.0 = Release|Any CPU
		{7BB53D8D-3F17-4F1E-AB4C-30C018625CBC}.Debug|Any CPU.ActiveCfg = Debug|Any CPU
		{7BB53D8D-3F17-4F1E-AB4C-30C018625CBC}.Debug|Any CPU.Build.0 = Debug|Any CPU
		{7BB53D8D-3F17-4F1E-AB4C-30C018625CBC}.Release|Any CPU.ActiveCfg = Release|Any CPU
		{7BB53D8D-3F17-4F1E-AB4C-30C018625CBC}.Release|Any CPU.Build.0 = Release|Any CPU
		{A8FFB7EC-BC99-4A7B-B62E-90D838AF46F7}.Debug|Any CPU.ActiveCfg = Debug|Any CPU
		{A8FFB7EC-BC99-4A7B-B62E-90D838AF46F7}.Debug|Any CPU.Build.0 = Debug|Any CPU
		{A8FFB7EC-BC99-4A7B-B62E-90D838AF46F7}.Release|Any CPU.ActiveCfg = Release|Any CPU
		{A8FFB7EC-BC99-4A7B-B62E-90D838AF46F7}.Release|Any CPU.Build.0 = Release|Any CPU
		{44C74E0D-0D34-4F65-AED1-CE2EDBBADCD0}.Debug|Any CPU.ActiveCfg = Debug|Any CPU
		{44C74E0D-0D34-4F65-AED1-CE2EDBBADCD0}.Debug|Any CPU.Build.0 = Debug|Any CPU
		{44C74E0D-0D34-4F65-AED1-CE2EDBBADCD0}.Release|Any CPU.ActiveCfg = Release|Any CPU
		{44C74E0D-0D34-4F65-AED1-CE2EDBBADCD0}.Release|Any CPU.Build.0 = Release|Any CPU
		{1B4C220F-F162-4E20-BC7D-0433F8723FB8}.Debug|Any CPU.ActiveCfg = Debug|Any CPU
		{1B4C220F-F162-4E20-BC7D-0433F8723FB8}.Debug|Any CPU.Build.0 = Debug|Any CPU
		{1B4C220F-F162-4E20-BC7D-0433F8723FB8}.Release|Any CPU.ActiveCfg = Release|Any CPU
		{1B4C220F-F162-4E20-BC7D-0433F8723FB8}.Release|Any CPU.Build.0 = Release|Any CPU
		{728DAAC0-79F0-408C-9E66-1FBF9E91BAA5}.Debug|Any CPU.ActiveCfg = Debug|Any CPU
		{728DAAC0-79F0-408C-9E66-1FBF9E91BAA5}.Debug|Any CPU.Build.0 = Debug|Any CPU
		{728DAAC0-79F0-408C-9E66-1FBF9E91BAA5}.Release|Any CPU.ActiveCfg = Release|Any CPU
		{728DAAC0-79F0-408C-9E66-1FBF9E91BAA5}.Release|Any CPU.Build.0 = Release|Any CPU
	EndGlobalSection
	GlobalSection(SolutionProperties) = preSolution
		HideSolutionNode = FALSE
	EndGlobalSection
	GlobalSection(NestedProjects) = preSolution
		{52075C0C-EC6B-4A76-9632-1C2437A48C67} = {92A3424C-4A71-48B6-86B9-667785AE8F3C}
		{71C7002C-F9BD-475A-9CA9-58E2669E4BFC} = {8EB35064-D5FD-417D-A2D6-B32EB837C1AF}
		{781C7879-94E4-46F7-AF6C-259A257B0A45} = {8EB35064-D5FD-417D-A2D6-B32EB837C1AF}
		{B04D3158-E27F-480E-AFF6-843CBFBD4F31} = {8EB35064-D5FD-417D-A2D6-B32EB837C1AF}
		{7BB53D8D-3F17-4F1E-AB4C-30C018625CBC} = {8EB35064-D5FD-417D-A2D6-B32EB837C1AF}
		{A8FFB7EC-BC99-4A7B-B62E-90D838AF46F7} = {CEE5DA35-BBF6-4C41-84BF-ACEF0BB63E7F}
		{44C74E0D-0D34-4F65-AED1-CE2EDBBADCD0} = {D2052FC0-0DA1-40AC-A273-3BDA9AA1C508}
		{1B4C220F-F162-4E20-BC7D-0433F8723FB8} = {D2052FC0-0DA1-40AC-A273-3BDA9AA1C508}
		{728DAAC0-79F0-408C-9E66-1FBF9E91BAA5} = {D2052FC0-0DA1-40AC-A273-3BDA9AA1C508}
	EndGlobalSection
	GlobalSection(ExtensibilityGlobals) = postSolution
		SolutionGuid = {06564D5D-50CD-4460-B7F6-3F25ED1799C7}
	EndGlobalSection
EndGlobal
